
Microsoft Visual Studio Solution File, Format Version 12.00
# Visual Studio Version 17
VisualStudioVersion = 17.2.32526.322
MinimumVisualStudioVersion = 10.0.40219.1
Project("{9A19103F-16F7-4668-BE54-9A1E7A4F7556}") = "IdToName", "IdToName\IdToName.csproj", "{04FEF291-4A39-4482-92B8-45777C2526D7}"
EndProject
Project("{9A19103F-16F7-4668-BE54-9A1E7A4F7556}") = "NameToId", "NameToId\NameToId.csproj", "{11A11471-EFAF-4C49-BB74-91F4410BBE6E}"
EndProject
Project("{FAE04EC0-301F-11D3-BF4B-00C04F79EFBC}") = "Utils", "Utils\Utils.csproj", "{C677065C-4957-4ADA-8AB1-6AEBA7EDA884}"
EndProject
Global
	GlobalSection(SolutionConfigurationPlatforms) = preSolution
		Debug|Any CPU = Debug|Any CPU
		Release|Any CPU = Release|Any CPU
	EndGlobalSection
	GlobalSection(ProjectConfigurationPlatforms) = postSolution
		{04FEF291-4A39-4482-92B8-45777C2526D7}.Debug|Any CPU.ActiveCfg = Debug|Any CPU
		{04FEF291-4A39-4482-92B8-45777C2526D7}.Debug|Any CPU.Build.0 = Debug|Any CPU
		{04FEF291-4A39-4482-92B8-45777C2526D7}.Release|Any CPU.ActiveCfg = Release|Any CPU
		{04FEF291-4A39-4482-92B8-45777C2526D7}.Release|Any CPU.Build.0 = Release|Any CPU
		{11A11471-EFAF-4C49-BB74-91F4410BBE6E}.Debug|Any CPU.ActiveCfg = Debug|Any CPU
		{11A11471-EFAF-4C49-BB74-91F4410BBE6E}.Debug|Any CPU.Build.0 = Debug|Any CPU
		{11A11471-EFAF-4C49-BB74-91F4410BBE6E}.Release|Any CPU.ActiveCfg = Release|Any CPU
		{11A11471-EFAF-4C49-BB74-91F4410BBE6E}.Release|Any CPU.Build.0 = Release|Any CPU
		{C677065C-4957-4ADA-8AB1-6AEBA7EDA884}.Debug|Any CPU.ActiveCfg = Debug|Any CPU
		{C677065C-4957-4ADA-8AB1-6AEBA7EDA884}.Debug|Any CPU.Build.0 = Debug|Any CPU
		{C677065C-4957-4ADA-8AB1-6AEBA7EDA884}.Release|Any CPU.ActiveCfg = Release|Any CPU
		{C677065C-4957-4ADA-8AB1-6AEBA7EDA884}.Release|Any CPU.Build.0 = Release|Any CPU
	EndGlobalSection
	GlobalSection(SolutionProperties) = preSolution
		HideSolutionNode = FALSE
	EndGlobalSection
	GlobalSection(ExtensibilityGlobals) = postSolution
		SolutionGuid = {E2CC8B96-F2F2-42F8-85D1-85E013A6A928}
	EndGlobalSection
EndGlobal
